// !$*UTF8*$!
{
	archiveVersion = 1;
	classes = {
	};
	objectVersion = 46;
	objects = {

/* Begin PBXBuildFile section */
		23408EB819C78B72001CC199 /* AppDelegate.swift in Sources */ = {isa = PBXBuildFile; fileRef = 23408EB719C78B72001CC199 /* AppDelegate.swift */; };
		23408EBA19C78B72001CC199 /* ViewController.swift in Sources */ = {isa = PBXBuildFile; fileRef = 23408EB919C78B72001CC199 /* ViewController.swift */; };
		23408EBD19C78B72001CC199 /* Main.storyboard in Resources */ = {isa = PBXBuildFile; fileRef = 23408EBB19C78B72001CC199 /* Main.storyboard */; };
		23408EBF19C78B72001CC199 /* Images.xcassets in Resources */ = {isa = PBXBuildFile; fileRef = 23408EBE19C78B72001CC199 /* Images.xcassets */; };
		23408EC219C78B72001CC199 /* LaunchScreen.xib in Resources */ = {isa = PBXBuildFile; fileRef = 23408EC019C78B72001CC199 /* LaunchScreen.xib */; };
		23408ECE19C78B72001CC199 /* PostcardTests.swift in Sources */ = {isa = PBXBuildFile; fileRef = 23408ECD19C78B72001CC199 /* PostcardTests.swift */; };
/* End PBXBuildFile section */

/* Begin PBXContainerItemProxy section */
		23408EC819C78B72001CC199 /* PBXContainerItemProxy */ = {
			isa = PBXContainerItemProxy;
			containerPortal = 23408EAA19C78B72001CC199 /* Project object */;
			proxyType = 1;
			remoteGlobalIDString = 23408EB119C78B72001CC199;
			remoteInfo = Postcard;
		};
/* End PBXContainerItemProxy section */

/* Begin PBXFileReference section */
		23408EB219C78B72001CC199 /* Postcard.app */ = {isa = PBXFileReference; explicitFileType = wrapper.application; includeInIndex = 0; path = Postcard.app; sourceTree = BUILT_PRODUCTS_DIR; };
		23408EB619C78B72001CC199 /* Info.plist */ = {isa = PBXFileReference; lastKnownFileType = text.plist.xml; path = Info.plist; sourceTree = "<group>"; };
		23408EB719C78B72001CC199 /* AppDelegate.swift */ = {isa = PBXFileReference; lastKnownFileType = sourcecode.swift; path = AppDelegate.swift; sourceTree = "<group>"; };
		23408EB919C78B72001CC199 /* ViewController.swift */ = {isa = PBXFileReference; lastKnownFileType = sourcecode.swift; path = ViewController.swift; sourceTree = "<group>"; };
		23408EBC19C78B72001CC199 /* Base */ = {isa = PBXFileReference; lastKnownFileType = file.storyboard; name = Base; path = Base.lproj/Main.storyboard; sourceTree = "<group>"; };
		23408EBE19C78B72001CC199 /* Images.xcassets */ = {isa = PBXFileReference; lastKnownFileType = folder.assetcatalog; path = Images.xcassets; sourceTree = "<group>"; };
		23408EC119C78B72001CC199 /* Base */ = {isa = PBXFileReference; lastKnownFileType = file.xib; name = Base; path = Base.lproj/LaunchScreen.xib; sourceTree = "<group>"; };
		23408EC719C78B72001CC199 /* PostcardTests.xctest */ = {isa = PBXFileReference; explicitFileType = wrapper.cfbundle; includeInIndex = 0; path = PostcardTests.xctest; sourceTree = BUILT_PRODUCTS_DIR; };
		23408ECC19C78B72001CC199 /* Info.plist */ = {isa = PBXFileReference; lastKnownFileType = text.plist.xml; path = Info.plist; sourceTree = "<group>"; };
		23408ECD19C78B72001CC199 /* PostcardTests.swift */ = {isa = PBXFileReference; lastKnownFileType = sourcecode.swift; path = PostcardTests.swift; sourceTree = "<group>"; };
/* End PBXFileReference section */

/* Begin PBXFrameworksBuildPhase section */
		23408EAF19C78B72001CC199 /* Frameworks */ = {
			isa = PBXFrameworksBuildPhase;
			buildActionMask = 2147483647;
			files = (
			);
			runOnlyForDeploymentPostprocessing = 0;
		};
		23408EC419C78B72001CC199 /* Frameworks */ = {
			isa = PBXFrameworksBuildPhase;
			buildActionMask = 2147483647;
			files = (
			);
			runOnlyForDeploymentPostprocessing = 0;
		};
/* End PBXFrameworksBuildPhase section */

/* Begin PBXGroup section */
		23408EA919C78B72001CC199 = {
			isa = PBXGroup;
			children = (
				23408EB419C78B72001CC199 /* Postcard */,
				23408ECA19C78B72001CC199 /* PostcardTests */,
				23408EB319C78B72001CC199 /* Products */,
			);
			sourceTree = "<group>";
		};
		23408EB319C78B72001CC199 /* Products */ = {
			isa = PBXGroup;
			children = (
				23408EB219C78B72001CC199 /* Postcard.app */,
				23408EC719C78B72001CC199 /* PostcardTests.xctest */,
			);
			name = Products;
			sourceTree = "<group>";
		};
		23408EB419C78B72001CC199 /* Postcard */ = {
			isa = PBXGroup;
			children = (
				23408EB719C78B72001CC199 /* AppDelegate.swift */,
				23408EB919C78B72001CC199 /* ViewController.swift */,
				23408EBB19C78B72001CC199 /* Main.storyboard */,
				23408EBE19C78B72001CC199 /* Images.xcassets */,
				23408EC019C78B72001CC199 /* LaunchScreen.xib */,
				23408EB519C78B72001CC199 /* Supporting Files */,
			);
			path = Postcard;
			sourceTree = "<group>";
		};
		23408EB519C78B72001CC199 /* Supporting Files */ = {
			isa = PBXGroup;
			children = (
				23408EB619C78B72001CC199 /* Info.plist */,
			);
			name = "Supporting Files";
			sourceTree = "<group>";
		};
		23408ECA19C78B72001CC199 /* PostcardTests */ = {
			isa = PBXGroup;
			children = (
				23408ECD19C78B72001CC199 /* PostcardTests.swift */,
				23408ECB19C78B72001CC199 /* Supporting Files */,
			);
			path = PostcardTests;
			sourceTree = "<group>";
		};
		23408ECB19C78B72001CC199 /* Supporting Files */ = {
			isa = PBXGroup;
			children = (
				23408ECC19C78B72001CC199 /* Info.plist */,
			);
			name = "Supporting Files";
			sourceTree = "<group>";
		};
/* End PBXGroup section */

/* Begin PBXNativeTarget section */
		23408EB119C78B72001CC199 /* Postcard */ = {
			isa = PBXNativeTarget;
			buildConfigurationList = 23408ED119C78B72001CC199 /* Build configuration list for PBXNativeTarget "Postcard" */;
			buildPhases = (
				23408EAE19C78B72001CC199 /* Sources */,
				23408EAF19C78B72001CC199 /* Frameworks */,
				23408EB019C78B72001CC199 /* Resources */,
			);
			buildRules = (
			);
			dependencies = (
			);
			name = Postcard;
			productName = Postcard;
			productReference = 23408EB219C78B72001CC199 /* Postcard.app */;
			productType = "com.apple.product-type.application";
		};
		23408EC619C78B72001CC199 /* PostcardTests */ = {
			isa = PBXNativeTarget;
			buildConfigurationList = 23408ED419C78B72001CC199 /* Build configuration list for PBXNativeTarget "PostcardTests" */;
			buildPhases = (
				23408EC319C78B72001CC199 /* Sources */,
				23408EC419C78B72001CC199 /* Frameworks */,
				23408EC519C78B72001CC199 /* Resources */,
			);
			buildRules = (
			);
			dependencies = (
				23408EC919C78B72001CC199 /* PBXTargetDependency */,
			);
			name = PostcardTests;
			productName = PostcardTests;
			productReference = 23408EC719C78B72001CC199 /* PostcardTests.xctest */;
			productType = "com.apple.product-type.bundle.unit-test";
		};
/* End PBXNativeTarget section */

/* Begin PBXProject section */
		23408EAA19C78B72001CC199 /* Project object */ = {
			isa = PBXProject;
			attributes = {
				LastUpgradeCheck = 0600;
				ORGANIZATIONNAME = "David Hubbell";
				TargetAttributes = {
					23408EB119C78B72001CC199 = {
						CreatedOnToolsVersion = 6.0;
					};
					23408EC619C78B72001CC199 = {
						CreatedOnToolsVersion = 6.0;
						TestTargetID = 23408EB119C78B72001CC199;
					};
				};
			};
			buildConfigurationList = 23408EAD19C78B72001CC199 /* Build configuration list for PBXProject "Postcard" */;
			compatibilityVersion = "Xcode 3.2";
			developmentRegion = English;
			hasScannedForEncodings = 0;
			knownRegions = (
				en,
				Base,
			);
			mainGroup = 23408EA919C78B72001CC199;
			productRefGroup = 23408EB319C78B72001CC199 /* Products */;
			projectDirPath = "";
			projectRoot = "";
			targets = (
				23408EB119C78B72001CC199 /* Postcard */,
				23408EC619C78B72001CC199 /* PostcardTests */,
			);
		};
/* End PBXProject section */

/* Begin PBXResourcesBuildPhase section */
		23408EB019C78B72001CC199 /* Resources */ = {
			isa = PBXResourcesBuildPhase;
			buildActionMask = 2147483647;
			files = (
				23408EBD19C78B72001CC199 /* Main.storyboard in Resources */,
				23408EC219C78B72001CC199 /* LaunchScreen.xib in Resources */,
				23408EBF19C78B72001CC199 /* Images.xcassets in Resources */,
			);
			runOnlyForDeploymentPostprocessing = 0;
		};
		23408EC519C78B72001CC199 /* Resources */ = {
			isa = PBXResourcesBuildPhase;
			buildActionMask = 2147483647;
			files = (
			);
			runOnlyForDeploymentPostprocessing = 0;
		};
/* End PBXResourcesBuildPhase section */

/* Begin PBXSourcesBuildPhase section */
		23408EAE19C78B72001CC199 /* Sources */ = {
			isa = PBXSourcesBuildPhase;
			buildActionMask = 2147483647;
			files = (
				23408EBA19C78B72001CC199 /* ViewController.swift in Sources */,
				23408EB819C78B72001CC199 /* AppDelegate.swift in Sources */,
			);
			runOnlyForDeploymentPostprocessing = 0;
		};
		23408EC319C78B72001CC199 /* Sources */ = {
			isa = PBXSourcesBuildPhase;
			buildActionMask = 2147483647;
			files = (
				23408ECE19C78B72001CC199 /* PostcardTests.swift in Sources */,
			);
			runOnlyForDeploymentPostprocessing = 0;
		};
/* End PBXSourcesBuildPhase section */

/* Begin PBXTargetDependency section */
		23408EC919C78B72001CC199 /* PBXTargetDependency */ = {
			isa = PBXTargetDependency;
			target = 23408EB119C78B72001CC199 /* Postcard */;
			targetProxy = 23408EC819C78B72001CC199 /* PBXContainerItemProxy */;
		};
/* End PBXTargetDependency section */

/* Begin PBXVariantGroup section */
		23408EBB19C78B72001CC199 /* Main.storyboard */ = {
			isa = PBXVariantGroup;
			children = (
				23408EBC19C78B72001CC199 /* Base */,
			);
			name = Main.storyboard;
			sourceTree = "<group>";
		};
		23408EC019C78B72001CC199 /* LaunchScreen.xib */ = {
			isa = PBXVariantGroup;
			children = (
				23408EC119C78B72001CC199 /* Base */,
			);
			name = LaunchScreen.xib;
			sourceTree = "<group>";
		};
/* End PBXVariantGroup section */

/* Begin XCBuildConfiguration section */
		23408ECF19C78B72001CC199 /* Debug */ = {
			isa = XCBuildConfiguration;
			buildSettings = {
				ALWAYS_SEARCH_USER_PATHS = NO;
				CLANG_CXX_LANGUAGE_STANDARD = "gnu++0x";
				CLANG_CXX_LIBRARY = "libc++";
				CLANG_ENABLE_MODULES = YES;
				CLANG_ENABLE_OBJC_ARC = YES;
				CLANG_WARN_BOOL_CONVERSION = YES;
				CLANG_WARN_CONSTANT_CONVERSION = YES;
				CLANG_WARN_DIRECT_OBJC_ISA_USAGE = YES_ERROR;
				CLANG_WARN_EMPTY_BODY = YES;
				CLANG_WARN_ENUM_CONVERSION = YES;
				CLANG_WARN_INT_CONVERSION = YES;
				CLANG_WARN_OBJC_ROOT_CLASS = YES_ERROR;
				CLANG_WARN_UNREACHABLE_CODE = YES;
				CLANG_WARN__DUPLICATE_METHOD_MATCH = YES;
				"CODE_SIGN_IDENTITY[sdk=iphoneos*]" = "iPhone Developer";
				COPY_PHASE_STRIP = NO;
				ENABLE_STRICT_OBJC_MSGSEND = YES;
				GCC_C_LANGUAGE_STANDARD = gnu99;
				GCC_DYNAMIC_NO_PIC = NO;
				GCC_OPTIMIZATION_LEVEL = 0;
				GCC_PREPROCESSOR_DEFINITIONS = (
					"DEBUG=1",
					"$(inherited)",
				);
				GCC_SYMBOLS_PRIVATE_EXTERN = NO;
				GCC_WARN_64_TO_32_BIT_CONVERSION = YES;
				GCC_WARN_ABOUT_RETURN_TYPE = YES_ERROR;
				GCC_WARN_UNDECLARED_SELECTOR = YES;
				GCC_WARN_UNINITIALIZED_AUTOS = YES_AGGRESSIVE;
				GCC_WARN_UNUSED_FUNCTION = YES;
				GCC_WARN_UNUSED_VARIABLE = YES;
				IPHONEOS_DEPLOYMENT_TARGET = 8.0;
				MTL_ENABLE_DEBUG_INFO = YES;
				ONLY_ACTIVE_ARCH = YES;
				SDKROOT = iphoneos;
				SWIFT_OPTIMIZATION_LEVEL = "-Onone";
			};
			name = Debug;
		};
		23408ED019C78B72001CC199 /* Release */ = {
			isa = XCBuildConfiguration;
			buildSettings = {
				ALWAYS_SEARCH_USER_PATHS = NO;
				CLANG_CXX_LANGUAGE_STANDARD = "gnu++0x";
				CLANG_CXX_LIBRARY = "libc++";
				CLANG_ENABLE_MODULES = YES;
				CLANG_ENABLE_OBJC_ARC = YES;
				CLANG_WARN_BOOL_CONVERSION = YES;
				CLANG_WARN_CONSTANT_CONVERSION = YES;
				CLANG_WARN_DIRECT_OBJC_ISA_USAGE = YES_ERROR;
				CLANG_WARN_EMPTY_BODY = YES;
				CLANG_WARN_ENUM_CONVERSION = YES;
				CLANG_WARN_INT_CONVERSION = YES;
				CLANG_WARN_OBJC_ROOT_CLASS = YES_ERROR;
				CLANG_WARN_UNREACHABLE_CODE = YES;
				CLANG_WARN__DUPLICATE_METHOD_MATCH = YES;
				"CODE_SIGN_IDENTITY[sdk=iphoneos*]" = "iPhone Developer";
				COPY_PHASE_STRIP = YES;
				ENABLE_NS_ASSERTIONS = NO;
				ENABLE_STRICT_OBJC_MSGSEND = YES;
				GCC_C_LANGUAGE_STANDARD = gnu99;
				GCC_WARN_64_TO_32_BIT_CONVERSION = YES;
				GCC_WARN_ABOUT_RETURN_TYPE = YES_ERROR;
				GCC_WARN_UNDECLARED_SELECTOR = YES;
				GCC_WARN_UNINITIALIZED_AUTOS = YES_AGGRESSIVE;
				GCC_WARN_UNUSED_FUNCTION = YES;
				GCC_WARN_UNUSED_VARIABLE = YES;
				IPHONEOS_DEPLOYMENT_TARGET = 8.0;
				MTL_ENABLE_DEBUG_INFO = NO;
				SDKROOT = iphoneos;
				VALIDATE_PRODUCT = YES;
			};
			name = Release;
		};
		23408ED219C78B72001CC199 /* Debug */ = {
			isa = XCBuildConfiguration;
			buildSettings = {
				ASSETCATALOG_COMPILER_APPICON_NAME = AppIcon;
				INFOPLIST_FILE = Postcard/Info.plist;
				LD_RUNPATH_SEARCH_PATHS = "$(inherited) @executable_path/Frameworks";
				PRODUCT_NAME = "$(TARGET_NAME)";
			};
			name = Debug;
		};
		23408ED319C78B72001CC199 /* Release */ = {
			isa = XCBuildConfiguration;
			buildSettings = {
				ASSETCATALOG_COMPILER_APPICON_NAME = AppIcon;
				INFOPLIST_FILE = Postcard/Info.plist;
				LD_RUNPATH_SEARCH_PATHS = "$(inherited) @executable_path/Frameworks";
				PRODUCT_NAME = "$(TARGET_NAME)";
			};
			name = Release;
		};
		23408ED519C78B72001CC199 /* Debug */ = {
			isa = XCBuildConfiguration;
			buildSettings = {
				BUNDLE_LOADER = "$(TEST_HOST)";
				FRAMEWORK_SEARCH_PATHS = (
					"$(SDKROOT)/Developer/Library/Frameworks",
					"$(inherited)",
				);
				GCC_PREPROCESSOR_DEFINITIONS = (
					"DEBUG=1",
					"$(inherited)",
				);
				INFOPLIST_FILE = PostcardTests/Info.plist;
				LD_RUNPATH_SEARCH_PATHS = "$(inherited) @executable_path/Frameworks @loader_path/Frameworks";
				PRODUCT_NAME = "$(TARGET_NAME)";
				TEST_HOST = "$(BUILT_PRODUCTS_DIR)/Postcard.app/Postcard";
			};
			name = Debug;
		};
		23408ED619C78B72001CC199 /* Release */ = {
			isa = XCBuildConfiguration;
			buildSettings = {
				BUNDLE_LOADER = "$(TEST_HOST)";
				FRAMEWORK_SEARCH_PATHS = (
					"$(SDKROOT)/Developer/Library/Frameworks",
					"$(inherited)",
				);
				INFOPLIST_FILE = PostcardTests/Info.plist;
				LD_RUNPATH_SEARCH_PATHS = "$(inherited) @executable_path/Frameworks @loader_path/Frameworks";
				PRODUCT_NAME = "$(TARGET_NAME)";
				TEST_HOST = "$(BUILT_PRODUCTS_DIR)/Postcard.app/Postcard";
			};
			name = Release;
		};
/* End XCBuildConfiguration section */

/* Begin XCConfigurationList section */
		23408EAD19C78B72001CC199 /* Build configuration list for PBXProject "Postcard" */ = {
			isa = XCConfigurationList;
			buildConfigurations = (
				23408ECF19C78B72001CC199 /* Debug */,
				23408ED019C78B72001CC199 /* Release */,
			);
			defaultConfigurationIsVisible = 0;
			defaultConfigurationName = Release;
		};
		23408ED119C78B72001CC199 /* Build configuration list for PBXNativeTarget "Postcard" */ = {
			isa = XCConfigurationList;
			buildConfigurations = (
				23408ED219C78B72001CC199 /* Debug */,
				23408ED319C78B72001CC199 /* Release */,
			);
			defaultConfigurationIsVisible = 0;
		};
		23408ED419C78B72001CC199 /* Build configuration list for PBXNativeTarget "PostcardTests" */ = {
			isa = XCConfigurationList;
			buildConfigurations = (
				23408ED519C78B72001CC199 /* Debug */,
				23408ED619C78B72001CC199 /* Release */,
			);
			defaultConfigurationIsVisible = 0;
		};
/* End XCConfigurationList section */
	};
	rootObject = 23408EAA19C78B72001CC199 /* Project object */;
}
